// !$*UTF8*$!
{
	archiveVersion = 1;
	classes = {
	};
	objectVersion = 50;
	objects = {

/* Begin PBXBuildFile section */
		18F7B22A214A612200848865 /* AppDelegate.m in Sources */ = {isa = PBXBuildFile; fileRef = 18F7B229214A612200848865 /* AppDelegate.m */; };
		18F7B22D214A612200848865 /* ViewController.m in Sources */ = {isa = PBXBuildFile; fileRef = 18F7B22C214A612200848865 /* ViewController.m */; };
		18F7B230214A612200848865 /* Main.storyboard in Resources */ = {isa = PBXBuildFile; fileRef = 18F7B22E214A612200848865 /* Main.storyboard */; };
		18F7B232214A612600848865 /* Assets.xcassets in Resources */ = {isa = PBXBuildFile; fileRef = 18F7B231214A612600848865 /* Assets.xcassets */; };
		18F7B235214A612600848865 /* LaunchScreen.storyboard in Resources */ = {isa = PBXBuildFile; fileRef = 18F7B233214A612600848865 /* LaunchScreen.storyboard */; };
		18F7B238214A612600848865 /* main.m in Sources */ = {isa = PBXBuildFile; fileRef = 18F7B237214A612600848865 /* main.m */; };
		18F7B24A214A61D800848865 /* QDTraceroute.m in Sources */ = {isa = PBXBuildFile; fileRef = 18F7B23F214A61D700848865 /* QDTraceroute.m */; };
		18F7B24B214A61D800848865 /* QDPing.m in Sources */ = {isa = PBXBuildFile; fileRef = 18F7B240214A61D700848865 /* QDPing.m */; };
		18F7B24C214A61D800848865 /* QDSimplePing.m in Sources */ = {isa = PBXBuildFile; fileRef = 18F7B246214A61D700848865 /* QDSimplePing.m */; };
		18F7B24D214A61D800848865 /* QDNetDiagnostics.m in Sources */ = {isa = PBXBuildFile; fileRef = 18F7B247214A61D700848865 /* QDNetDiagnostics.m */; };
		18F7B24E214A61D800848865 /* replace in Resources */ = {isa = PBXBuildFile; fileRef = 18F7B248214A61D700848865 /* replace */; };
		18F7B24F214A61D800848865 /* QDNetDeviceInfo.m in Sources */ = {isa = PBXBuildFile; fileRef = 18F7B249214A61D700848865 /* QDNetDeviceInfo.m */; };
		18F7B252214A621700848865 /* CoreTelephony.framework in Frameworks */ = {isa = PBXBuildFile; fileRef = 18F7B251214A621600848865 /* CoreTelephony.framework */; };
		18F7B254214A621D00848865 /* libresolv.9.tbd in Frameworks */ = {isa = PBXBuildFile; fileRef = 18F7B253214A621D00848865 /* libresolv.9.tbd */; };
/* End PBXBuildFile section */

/* Begin PBXFileReference section */
		18F7B225214A612200848865 /* QDNetDiagnostics.app */ = {isa = PBXFileReference; explicitFileType = wrapper.application; includeInIndex = 0; path = QDNetDiagnostics.app; sourceTree = BUILT_PRODUCTS_DIR; };
		18F7B228214A612200848865 /* AppDelegate.h */ = {isa = PBXFileReference; lastKnownFileType = sourcecode.c.h; path = AppDelegate.h; sourceTree = "<group>"; };
		18F7B229214A612200848865 /* AppDelegate.m */ = {isa = PBXFileReference; lastKnownFileType = sourcecode.c.objc; path = AppDelegate.m; sourceTree = "<group>"; };
		18F7B22B214A612200848865 /* ViewController.h */ = {isa = PBXFileReference; lastKnownFileType = sourcecode.c.h; path = ViewController.h; sourceTree = "<group>"; };
		18F7B22C214A612200848865 /* ViewController.m */ = {isa = PBXFileReference; lastKnownFileType = sourcecode.c.objc; path = ViewController.m; sourceTree = "<group>"; };
		18F7B22F214A612200848865 /* Base */ = {isa = PBXFileReference; lastKnownFileType = file.storyboard; name = Base; path = Base.lproj/Main.storyboard; sourceTree = "<group>"; };
		18F7B231214A612600848865 /* Assets.xcassets */ = {isa = PBXFileReference; lastKnownFileType = folder.assetcatalog; path = Assets.xcassets; sourceTree = "<group>"; };
		18F7B234214A612600848865 /* Base */ = {isa = PBXFileReference; lastKnownFileType = file.storyboard; name = Base; path = Base.lproj/LaunchScreen.storyboard; sourceTree = "<group>"; };
		18F7B236214A612600848865 /* Info.plist */ = {isa = PBXFileReference; lastKnownFileType = text.plist.xml; path = Info.plist; sourceTree = "<group>"; };
		18F7B237214A612600848865 /* main.m */ = {isa = PBXFileReference; lastKnownFileType = sourcecode.c.objc; path = main.m; sourceTree = "<group>"; };
		18F7B23F214A61D700848865 /* QDTraceroute.m */ = {isa = PBXFileReference; fileEncoding = 4; lastKnownFileType = sourcecode.c.objc; path = QDTraceroute.m; sourceTree = "<group>"; };
		18F7B240214A61D700848865 /* QDPing.m */ = {isa = PBXFileReference; fileEncoding = 4; lastKnownFileType = sourcecode.c.objc; path = QDPing.m; sourceTree = "<group>"; };
		18F7B241214A61D700848865 /* QDNetDiagnostics.h */ = {isa = PBXFileReference; fileEncoding = 4; lastKnownFileType = sourcecode.c.h; path = QDNetDiagnostics.h; sourceTree = "<group>"; };
		18F7B242214A61D700848865 /* QDSimplePing.h */ = {isa = PBXFileReference; fileEncoding = 4; lastKnownFileType = sourcecode.c.h; path = QDSimplePing.h; sourceTree = "<group>"; };
		18F7B243214A61D700848865 /* QDNetDeviceInfo.h */ = {isa = PBXFileReference; fileEncoding = 4; lastKnownFileType = sourcecode.c.h; path = QDNetDeviceInfo.h; sourceTree = "<group>"; };
		18F7B244214A61D700848865 /* QDPing.h */ = {isa = PBXFileReference; fileEncoding = 4; lastKnownFileType = sourcecode.c.h; path = QDPing.h; sourceTree = "<group>"; };
		18F7B245214A61D700848865 /* QDTraceroute.h */ = {isa = PBXFileReference; fileEncoding = 4; lastKnownFileType = sourcecode.c.h; path = QDTraceroute.h; sourceTree = "<group>"; };
		18F7B246214A61D700848865 /* QDSimplePing.m */ = {isa = PBXFileReference; fileEncoding = 4; lastKnownFileType = sourcecode.c.objc; path = QDSimplePing.m; sourceTree = "<group>"; };
		18F7B247214A61D700848865 /* QDNetDiagnostics.m */ = {isa = PBXFileReference; fileEncoding = 4; lastKnownFileType = sourcecode.c.objc; path = QDNetDiagnostics.m; sourceTree = "<group>"; };
		18F7B248214A61D700848865 /* replace */ = {isa = PBXFileReference; fileEncoding = 4; lastKnownFileType = text.script.sh; path = replace; sourceTree = "<group>"; };
		18F7B249214A61D700848865 /* QDNetDeviceInfo.m */ = {isa = PBXFileReference; fileEncoding = 4; lastKnownFileType = sourcecode.c.objc; path = QDNetDeviceInfo.m; sourceTree = "<group>"; };
		18F7B251214A621600848865 /* CoreTelephony.framework */ = {isa = PBXFileReference; lastKnownFileType = wrapper.framework; name = CoreTelephony.framework; path = System/Library/Frameworks/CoreTelephony.framework; sourceTree = SDKROOT; };
		18F7B253214A621D00848865 /* libresolv.9.tbd */ = {isa = PBXFileReference; lastKnownFileType = "sourcecode.text-based-dylib-definition"; name = libresolv.9.tbd; path = usr/lib/libresolv.9.tbd; sourceTree = SDKROOT; };
/* End PBXFileReference section */

/* Begin PBXFrameworksBuildPhase section */
		18F7B222214A612200848865 /* Frameworks */ = {
			isa = PBXFrameworksBuildPhase;
			buildActionMask = 2147483647;
			files = (
				18F7B254214A621D00848865 /* libresolv.9.tbd in Frameworks */,
				18F7B252214A621700848865 /* CoreTelephony.framework in Frameworks */,
			);
			runOnlyForDeploymentPostprocessing = 0;
		};
/* End PBXFrameworksBuildPhase section */

/* Begin PBXGroup section */
		18F7B21C214A612200848865 = {
			isa = PBXGroup;
			children = (
				18F7B227214A612200848865 /* QDNetDiagnostics */,
				18F7B226214A612200848865 /* Products */,
				18F7B250214A621600848865 /* Frameworks */,
			);
			sourceTree = "<group>";
		};
		18F7B226214A612200848865 /* Products */ = {
			isa = PBXGroup;
			children = (
				18F7B225214A612200848865 /* QDNetDiagnostics.app */,
			);
			name = Products;
			sourceTree = "<group>";
		};
		18F7B227214A612200848865 /* QDNetDiagnostics */ = {
			isa = PBXGroup;
			children = (
				18F7B23E214A61D700848865 /* Source */,
				18F7B228214A612200848865 /* AppDelegate.h */,
				18F7B229214A612200848865 /* AppDelegate.m */,
				18F7B22B214A612200848865 /* ViewController.h */,
				18F7B22C214A612200848865 /* ViewController.m */,
				18F7B22E214A612200848865 /* Main.storyboard */,
				18F7B231214A612600848865 /* Assets.xcassets */,
				18F7B233214A612600848865 /* LaunchScreen.storyboard */,
				18F7B236214A612600848865 /* Info.plist */,
				18F7B237214A612600848865 /* main.m */,
			);
			path = QDNetDiagnostics;
			sourceTree = "<group>";
		};
		18F7B23E214A61D700848865 /* Source */ = {
			isa = PBXGroup;
			children = (
				18F7B23F214A61D700848865 /* QDTraceroute.m */,
				18F7B240214A61D700848865 /* QDPing.m */,
				18F7B241214A61D700848865 /* QDNetDiagnostics.h */,
				18F7B242214A61D700848865 /* QDSimplePing.h */,
				18F7B243214A61D700848865 /* QDNetDeviceInfo.h */,
				18F7B244214A61D700848865 /* QDPing.h */,
				18F7B245214A61D700848865 /* QDTraceroute.h */,
				18F7B246214A61D700848865 /* QDSimplePing.m */,
				18F7B247214A61D700848865 /* QDNetDiagnostics.m */,
				18F7B248214A61D700848865 /* replace */,
				18F7B249214A61D700848865 /* QDNetDeviceInfo.m */,
			);
			path = Source;
			sourceTree = "<group>";
		};
		18F7B250214A621600848865 /* Frameworks */ = {
			isa = PBXGroup;
			children = (
				18F7B253214A621D00848865 /* libresolv.9.tbd */,
				18F7B251214A621600848865 /* CoreTelephony.framework */,
			);
			name = Frameworks;
			sourceTree = "<group>";
		};
/* End PBXGroup section */

/* Begin PBXNativeTarget section */
		18F7B224214A612200848865 /* QDNetDiagnostics */ = {
			isa = PBXNativeTarget;
			buildConfigurationList = 18F7B23B214A612600848865 /* Build configuration list for PBXNativeTarget "QDNetDiagnostics" */;
			buildPhases = (
				18F7B221214A612200848865 /* Sources */,
				18F7B222214A612200848865 /* Frameworks */,
				18F7B223214A612200848865 /* Resources */,
			);
			buildRules = (
			);
			dependencies = (
			);
			name = QDNetDiagnostics;
			productName = QDNetDiagnostics;
			productReference = 18F7B225214A612200848865 /* QDNetDiagnostics.app */;
			productType = "com.apple.product-type.application";
		};
/* End PBXNativeTarget section */

/* Begin PBXProject section */
		18F7B21D214A612200848865 /* Project object */ = {
			isa = PBXProject;
			attributes = {
				LastUpgradeCheck = 0930;
				ORGANIZATIONNAME = qd;
				TargetAttributes = {
					18F7B224214A612200848865 = {
						CreatedOnToolsVersion = 9.3.1;
					};
				};
			};
			buildConfigurationList = 18F7B220214A612200848865 /* Build configuration list for PBXProject "QDNetDiagnostics" */;
			compatibilityVersion = "Xcode 9.3";
			developmentRegion = en;
			hasScannedForEncodings = 0;
			knownRegions = (
				en,
				Base,
			);
			mainGroup = 18F7B21C214A612200848865;
			productRefGroup = 18F7B226214A612200848865 /* Products */;
			projectDirPath = "";
			projectRoot = "";
			targets = (
				18F7B224214A612200848865 /* QDNetDiagnostics */,
			);
		};
/* End PBXProject section */

/* Begin PBXResourcesBuildPhase section */
		18F7B223214A612200848865 /* Resources */ = {
			isa = PBXResourcesBuildPhase;
			buildActionMask = 2147483647;
			files = (
				18F7B235214A612600848865 /* LaunchScreen.storyboard in Resources */,
				18F7B232214A612600848865 /* Assets.xcassets in Resources */,
				18F7B230214A612200848865 /* Main.storyboard in Resources */,
				18F7B24E214A61D800848865 /* replace in Resources */,
			);
			runOnlyForDeploymentPostprocessing = 0;
		};
/* End PBXResourcesBuildPhase section */

/* Begin PBXSourcesBuildPhase section */
		18F7B221214A612200848865 /* Sources */ = {
			isa = PBXSourcesBuildPhase;
			buildActionMask = 2147483647;
			files = (
				18F7B24B214A61D800848865 /* QDPing.m in Sources */,
				18F7B24A214A61D800848865 /* QDTraceroute.m in Sources */,
				18F7B24D214A61D800848865 /* QDNetDiagnostics.m in Sources */,
				18F7B22D214A612200848865 /* ViewController.m in Sources */,
				18F7B24F214A61D800848865 /* QDNetDeviceInfo.m in Sources */,
				18F7B238214A612600848865 /* main.m in Sources */,
				18F7B24C214A61D800848865 /* QDSimplePing.m in Sources */,
				18F7B22A214A612200848865 /* AppDelegate.m in Sources */,
			);
			runOnlyForDeploymentPostprocessing = 0;
		};
/* End PBXSourcesBuildPhase section */

/* Begin PBXVariantGroup section */
		18F7B22E214A612200848865 /* Main.storyboard */ = {
			isa = PBXVariantGroup;
			children = (
				18F7B22F214A612200848865 /* Base */,
			);
			name = Main.storyboard;
			sourceTree = "<group>";
		};
		18F7B233214A612600848865 /* LaunchScreen.storyboard */ = {
			isa = PBXVariantGroup;
			children = (
				18F7B234214A612600848865 /* Base */,
			);
			name = LaunchScreen.storyboard;
			sourceTree = "<group>";
		};
/* End PBXVariantGroup section */

/* Begin XCBuildConfiguration section */
		18F7B239214A612600848865 /* Debug */ = {
			isa = XCBuildConfiguration;
			buildSettings = {
				ALWAYS_SEARCH_USER_PATHS = NO;
				CLANG_ANALYZER_NONNULL = YES;
				CLANG_ANALYZER_NUMBER_OBJECT_CONVERSION = YES_AGGRESSIVE;
				CLANG_CXX_LANGUAGE_STANDARD = "gnu++14";
				CLANG_CXX_LIBRARY = "libc++";
				CLANG_ENABLE_MODULES = YES;
				CLANG_ENABLE_OBJC_ARC = YES;
				CLANG_ENABLE_OBJC_WEAK = YES;
				CLANG_WARN_BLOCK_CAPTURE_AUTORELEASING = YES;
				CLANG_WARN_BOOL_CONVERSION = YES;
				CLANG_WARN_COMMA = YES;
				CLANG_WARN_CONSTANT_CONVERSION = YES;
				CLANG_WARN_DEPRECATED_OBJC_IMPLEMENTATIONS = YES;
				CLANG_WARN_DIRECT_OBJC_ISA_USAGE = YES_ERROR;
				CLANG_WARN_DOCUMENTATION_COMMENTS = YES;
				CLANG_WARN_EMPTY_BODY = YES;
				CLANG_WARN_ENUM_CONVERSION = YES;
				CLANG_WARN_INFINITE_RECURSION = YES;
				CLANG_WARN_INT_CONVERSION = YES;
				CLANG_WARN_NON_LITERAL_NULL_CONVERSION = YES;
				CLANG_WARN_OBJC_IMPLICIT_RETAIN_SELF = YES;
				CLANG_WARN_OBJC_LITERAL_CONVERSION = YES;
				CLANG_WARN_OBJC_ROOT_CLASS = YES_ERROR;
				CLANG_WARN_RANGE_LOOP_ANALYSIS = YES;
				CLANG_WARN_STRICT_PROTOTYPES = YES;
				CLANG_WARN_SUSPICIOUS_MOVE = YES;
				CLANG_WARN_UNGUARDED_AVAILABILITY = YES_AGGRESSIVE;
				CLANG_WARN_UNREACHABLE_CODE = YES;
				CLANG_WARN__DUPLICATE_METHOD_MATCH = YES;
				CODE_SIGN_IDENTITY = "iPhone Developer";
				COPY_PHASE_STRIP = NO;
				DEBUG_INFORMATION_FORMAT = dwarf;
				ENABLE_STRICT_OBJC_MSGSEND = YES;
				ENABLE_TESTABILITY = YES;
				GCC_C_LANGUAGE_STANDARD = gnu11;
				GCC_DYNAMIC_NO_PIC = NO;
				GCC_NO_COMMON_BLOCKS = YES;
				GCC_OPTIMIZATION_LEVEL = 0;
				GCC_PREPROCESSOR_DEFINITIONS = (
					"DEBUG=1",
					"$(inherited)",
				);
				GCC_WARN_64_TO_32_BIT_CONVERSION = YES;
				GCC_WARN_ABOUT_RETURN_TYPE = YES_ERROR;
				GCC_WARN_UNDECLARED_SELECTOR = YES;
				GCC_WARN_UNINITIALIZED_AUTOS = YES_AGGRESSIVE;
				GCC_WARN_UNUSED_FUNCTION = YES;
				GCC_WARN_UNUSED_VARIABLE = YES;
				IPHONEOS_DEPLOYMENT_TARGET = 11.3;
				MTL_ENABLE_DEBUG_INFO = YES;
				ONLY_ACTIVE_ARCH = YES;
				SDKROOT = iphoneos;
			};
			name = Debug;
		};
		18F7B23A214A612600848865 /* Release */ = {
			isa = XCBuildConfiguration;
			buildSettings = {
				ALWAYS_SEARCH_USER_PATHS = NO;
				CLANG_ANALYZER_NONNULL = YES;
				CLANG_ANALYZER_NUMBER_OBJECT_CONVERSION = YES_AGGRESSIVE;
				CLANG_CXX_LANGUAGE_STANDARD = "gnu++14";
				CLANG_CXX_LIBRARY = "libc++";
				CLANG_ENABLE_MODULES = YES;
				CLANG_ENABLE_OBJC_ARC = YES;
				CLANG_ENABLE_OBJC_WEAK = YES;
				CLANG_WARN_BLOCK_CAPTURE_AUTORELEASING = YES;
				CLANG_WARN_BOOL_CONVERSION = YES;
				CLANG_WARN_COMMA = YES;
				CLANG_WARN_CONSTANT_CONVERSION = YES;
				CLANG_WARN_DEPRECATED_OBJC_IMPLEMENTATIONS = YES;
				CLANG_WARN_DIRECT_OBJC_ISA_USAGE = YES_ERROR;
				CLANG_WARN_DOCUMENTATION_COMMENTS = YES;
				CLANG_WARN_EMPTY_BODY = YES;
				CLANG_WARN_ENUM_CONVERSION = YES;
				CLANG_WARN_INFINITE_RECURSION = YES;
				CLANG_WARN_INT_CONVERSION = YES;
				CLANG_WARN_NON_LITERAL_NULL_CONVERSION = YES;
				CLANG_WARN_OBJC_IMPLICIT_RETAIN_SELF = YES;
				CLANG_WARN_OBJC_LITERAL_CONVERSION = YES;
				CLANG_WARN_OBJC_ROOT_CLASS = YES_ERROR;
				CLANG_WARN_RANGE_LOOP_ANALYSIS = YES;
				CLANG_WARN_STRICT_PROTOTYPES = YES;
				CLANG_WARN_SUSPICIOUS_MOVE = YES;
				CLANG_WARN_UNGUARDED_AVAILABILITY = YES_AGGRESSIVE;
				CLANG_WARN_UNREACHABLE_CODE = YES;
				CLANG_WARN__DUPLICATE_METHOD_MATCH = YES;
				CODE_SIGN_IDENTITY = "iPhone Developer";
				COPY_PHASE_STRIP = NO;
				DEBUG_INFORMATION_FORMAT = "dwarf-with-dsym";
				ENABLE_NS_ASSERTIONS = NO;
				ENABLE_STRICT_OBJC_MSGSEND = YES;
				GCC_C_LANGUAGE_STANDARD = gnu11;
				GCC_NO_COMMON_BLOCKS = YES;
				GCC_WARN_64_TO_32_BIT_CONVERSION = YES;
				GCC_WARN_ABOUT_RETURN_TYPE = YES_ERROR;
				GCC_WARN_UNDECLARED_SELECTOR = YES;
				GCC_WARN_UNINITIALIZED_AUTOS = YES_AGGRESSIVE;
				GCC_WARN_UNUSED_FUNCTION = YES;
				GCC_WARN_UNUSED_VARIABLE = YES;
				IPHONEOS_DEPLOYMENT_TARGET = 11.3;
				MTL_ENABLE_DEBUG_INFO = NO;
				SDKROOT = iphoneos;
				VALIDATE_PRODUCT = YES;
			};
			name = Release;
		};
		18F7B23C214A612600848865 /* Debug */ = {
			isa = XCBuildConfiguration;
			buildSettings = {
				ASSETCATALOG_COMPILER_APPICON_NAME = AppIcon;
				CODE_SIGN_STYLE = Automatic;
				DEVELOPMENT_TEAM = 3AL6EM4TNJ;
				INFOPLIST_FILE = QDNetDiagnostics/Info.plist;
				LD_RUNPATH_SEARCH_PATHS = (
					"$(inherited)",
					"@executable_path/Frameworks",
				);
				PRODUCT_BUNDLE_IDENTIFIER = qd.QDNetDiagnostics;
				PRODUCT_NAME = "$(TARGET_NAME)";
				TARGETED_DEVICE_FAMILY = "1,2";
			};
			name = Debug;
		};
		18F7B23D214A612600848865 /* Release */ = {
			isa = XCBuildConfiguration;
			buildSettings = {
				ASSETCATALOG_COMPILER_APPICON_NAME = AppIcon;
				CODE_SIGN_STYLE = Automatic;
				DEVELOPMENT_TEAM = 3AL6EM4TNJ;
				INFOPLIST_FILE = QDNetDiagnostics/Info.plist;
				LD_RUNPATH_SEARCH_PATHS = (
					"$(inherited)",
					"@executable_path/Frameworks",
				);
				PRODUCT_BUNDLE_IDENTIFIER = qd.QDNetDiagnostics;
				PRODUCT_NAME = "$(TARGET_NAME)";
				TARGETED_DEVICE_FAMILY = "1,2";
			};
			name = Release;
		};
/* End XCBuildConfiguration section */

/* Begin XCConfigurationList section */
		18F7B220214A612200848865 /* Build configuration list for PBXProject "QDNetDiagnostics" */ = {
			isa = XCConfigurationList;
			buildConfigurations = (
				18F7B239214A612600848865 /* Debug */,
				18F7B23A214A612600848865 /* Release */,
			);
			defaultConfigurationIsVisible = 0;
			defaultConfigurationName = Release;
		};
		18F7B23B214A612600848865 /* Build configuration list for PBXNativeTarget "QDNetDiagnostics" */ = {
			isa = XCConfigurationList;
			buildConfigurations = (
				18F7B23C214A612600848865 /* Debug */,
				18F7B23D214A612600848865 /* Release */,
			);
			defaultConfigurationIsVisible = 0;
			defaultConfigurationName = Release;
		};
/* End XCConfigurationList section */
	};
	rootObject = 18F7B21D214A612200848865 /* Project object */;
}
